// !$*UTF8*$!
{
	archiveVersion = 1;
	classes = {
	};
	objectVersion = 46;
	objects = {

/* Begin PBXBuildFile section */
		DFCADB401F03A33E00434D6B /* main.m in Sources */ = {isa = PBXBuildFile; fileRef = DFCADB3F1F03A33E00434D6B /* main.m */; };
		DFCADB431F03A33E00434D6B /* AppDelegate.m in Sources */ = {isa = PBXBuildFile; fileRef = DFCADB421F03A33E00434D6B /* AppDelegate.m */; };
		DFCADB461F03A33E00434D6B /* ViewController.m in Sources */ = {isa = PBXBuildFile; fileRef = DFCADB451F03A33E00434D6B /* ViewController.m */; };
		DFCADB491F03A33E00434D6B /* Main.storyboard in Resources */ = {isa = PBXBuildFile; fileRef = DFCADB471F03A33E00434D6B /* Main.storyboard */; };
		DFCADB4B1F03A33E00434D6B /* Assets.xcassets in Resources */ = {isa = PBXBuildFile; fileRef = DFCADB4A1F03A33E00434D6B /* Assets.xcassets */; };
		DFCADB4E1F03A33E00434D6B /* LaunchScreen.storyboard in Resources */ = {isa = PBXBuildFile; fileRef = DFCADB4C1F03A33E00434D6B /* LaunchScreen.storyboard */; };
		DFCADB6C1F03A48100434D6B /* DeleteKey.png in Resources */ = {isa = PBXBuildFile; fileRef = DFCADB661F03A48100434D6B /* DeleteKey.png */; };
		DFCADB6D1F03A48200434D6B /* DeleteKey@2x.png in Resources */ = {isa = PBXBuildFile; fileRef = DFCADB671F03A48100434D6B /* DeleteKey@2x.png */; };
		DFCADB6E1F03A48200434D6B /* DeleteKey@3x.png in Resources */ = {isa = PBXBuildFile; fileRef = DFCADB681F03A48100434D6B /* DeleteKey@3x.png */; };
		DFCADB6F1F03A48200434D6B /* DismissKey.png in Resources */ = {isa = PBXBuildFile; fileRef = DFCADB691F03A48100434D6B /* DismissKey.png */; };
		DFCADB701F03A48200434D6B /* DismissKey@2x.png in Resources */ = {isa = PBXBuildFile; fileRef = DFCADB6A1F03A48100434D6B /* DismissKey@2x.png */; };
		DFCADB711F03A48200434D6B /* DismissKey@3x.png in Resources */ = {isa = PBXBuildFile; fileRef = DFCADB6B1F03A48100434D6B /* DismissKey@3x.png */; };
		DFCADB741F03A4B000434D6B /* DDCustomKeyboard.m in Sources */ = {isa = PBXBuildFile; fileRef = DFCADB731F03A4B000434D6B /* DDCustomKeyboard.m */; };
/* End PBXBuildFile section */

/* Begin PBXFileReference section */
		DFCADB3B1F03A33E00434D6B /* DDCustomKeyboard.app */ = {isa = PBXFileReference; explicitFileType = wrapper.application; includeInIndex = 0; path = DDCustomKeyboard.app; sourceTree = BUILT_PRODUCTS_DIR; };
		DFCADB3F1F03A33E00434D6B /* main.m */ = {isa = PBXFileReference; lastKnownFileType = sourcecode.c.objc; path = main.m; sourceTree = "<group>"; };
		DFCADB411F03A33E00434D6B /* AppDelegate.h */ = {isa = PBXFileReference; lastKnownFileType = sourcecode.c.h; path = AppDelegate.h; sourceTree = "<group>"; };
		DFCADB421F03A33E00434D6B /* AppDelegate.m */ = {isa = PBXFileReference; lastKnownFileType = sourcecode.c.objc; path = AppDelegate.m; sourceTree = "<group>"; };
		DFCADB441F03A33E00434D6B /* ViewController.h */ = {isa = PBXFileReference; lastKnownFileType = sourcecode.c.h; path = ViewController.h; sourceTree = "<group>"; };
		DFCADB451F03A33E00434D6B /* ViewController.m */ = {isa = PBXFileReference; lastKnownFileType = sourcecode.c.objc; path = ViewController.m; sourceTree = "<group>"; };
		DFCADB481F03A33E00434D6B /* Base */ = {isa = PBXFileReference; lastKnownFileType = file.storyboard; name = Base; path = Base.lproj/Main.storyboard; sourceTree = "<group>"; };
		DFCADB4A1F03A33E00434D6B /* Assets.xcassets */ = {isa = PBXFileReference; lastKnownFileType = folder.assetcatalog; path = Assets.xcassets; sourceTree = "<group>"; };
		DFCADB4D1F03A33E00434D6B /* Base */ = {isa = PBXFileReference; lastKnownFileType = file.storyboard; name = Base; path = Base.lproj/LaunchScreen.storyboard; sourceTree = "<group>"; };
		DFCADB4F1F03A33E00434D6B /* Info.plist */ = {isa = PBXFileReference; lastKnownFileType = text.plist.xml; path = Info.plist; sourceTree = "<group>"; };
		DFCADB661F03A48100434D6B /* DeleteKey.png */ = {isa = PBXFileReference; lastKnownFileType = image.png; path = DeleteKey.png; sourceTree = "<group>"; };
		DFCADB671F03A48100434D6B /* DeleteKey@2x.png */ = {isa = PBXFileReference; lastKnownFileType = image.png; path = "DeleteKey@2x.png"; sourceTree = "<group>"; };
		DFCADB681F03A48100434D6B /* DeleteKey@3x.png */ = {isa = PBXFileReference; lastKnownFileType = image.png; path = "DeleteKey@3x.png"; sourceTree = "<group>"; };
		DFCADB691F03A48100434D6B /* DismissKey.png */ = {isa = PBXFileReference; lastKnownFileType = image.png; path = DismissKey.png; sourceTree = "<group>"; };
		DFCADB6A1F03A48100434D6B /* DismissKey@2x.png */ = {isa = PBXFileReference; lastKnownFileType = image.png; path = "DismissKey@2x.png"; sourceTree = "<group>"; };
		DFCADB6B1F03A48100434D6B /* DismissKey@3x.png */ = {isa = PBXFileReference; lastKnownFileType = image.png; path = "DismissKey@3x.png"; sourceTree = "<group>"; };
		DFCADB721F03A4B000434D6B /* DDCustomKeyboard.h */ = {isa = PBXFileReference; fileEncoding = 4; lastKnownFileType = sourcecode.c.h; path = DDCustomKeyboard.h; sourceTree = "<group>"; };
		DFCADB731F03A4B000434D6B /* DDCustomKeyboard.m */ = {isa = PBXFileReference; fileEncoding = 4; lastKnownFileType = sourcecode.c.objc; path = DDCustomKeyboard.m; sourceTree = "<group>"; };
/* End PBXFileReference section */

/* Begin PBXFrameworksBuildPhase section */
		DFCADB381F03A33E00434D6B /* Frameworks */ = {
			isa = PBXFrameworksBuildPhase;
			buildActionMask = 2147483647;
			files = (
			);
			runOnlyForDeploymentPostprocessing = 0;
		};
/* End PBXFrameworksBuildPhase section */

/* Begin PBXGroup section */
		DFCADB321F03A33E00434D6B = {
			isa = PBXGroup;
			children = (
				DFCADB3D1F03A33E00434D6B /* DDCustomKeyboard */,
				DFCADB3C1F03A33E00434D6B /* Products */,
			);
			sourceTree = "<group>";
		};
		DFCADB3C1F03A33E00434D6B /* Products */ = {
			isa = PBXGroup;
			children = (
				DFCADB3B1F03A33E00434D6B /* DDCustomKeyboard.app */,
			);
			name = Products;
			sourceTree = "<group>";
		};
		DFCADB3D1F03A33E00434D6B /* DDCustomKeyboard */ = {
			isa = PBXGroup;
			children = (
				DFCADB551F03A41600434D6B /* DDCustomKeyboard */,
				DFCADB411F03A33E00434D6B /* AppDelegate.h */,
				DFCADB421F03A33E00434D6B /* AppDelegate.m */,
				DFCADB441F03A33E00434D6B /* ViewController.h */,
				DFCADB451F03A33E00434D6B /* ViewController.m */,
				DFCADB471F03A33E00434D6B /* Main.storyboard */,
				DFCADB4A1F03A33E00434D6B /* Assets.xcassets */,
				DFCADB4C1F03A33E00434D6B /* LaunchScreen.storyboard */,
				DFCADB4F1F03A33E00434D6B /* Info.plist */,
				DFCADB3E1F03A33E00434D6B /* Supporting Files */,
			);
			path = DDCustomKeyboard;
			sourceTree = "<group>";
		};
		DFCADB3E1F03A33E00434D6B /* Supporting Files */ = {
			isa = PBXGroup;
			children = (
				DFCADB3F1F03A33E00434D6B /* main.m */,
			);
			name = "Supporting Files";
			sourceTree = "<group>";
		};
		DFCADB551F03A41600434D6B /* DDCustomKeyboard */ = {
			isa = PBXGroup;
			children = (
				DFCADB561F03A41600434D6B /* Images */,
				DFCADB721F03A4B000434D6B /* DDCustomKeyboard.h */,
				DFCADB731F03A4B000434D6B /* DDCustomKeyboard.m */,
			);
			path = DDCustomKeyboard;
			sourceTree = "<group>";
		};
		DFCADB561F03A41600434D6B /* Images */ = {
			isa = PBXGroup;
			children = (
				DFCADB661F03A48100434D6B /* DeleteKey.png */,
				DFCADB671F03A48100434D6B /* DeleteKey@2x.png */,
				DFCADB681F03A48100434D6B /* DeleteKey@3x.png */,
				DFCADB691F03A48100434D6B /* DismissKey.png */,
				DFCADB6A1F03A48100434D6B /* DismissKey@2x.png */,
				DFCADB6B1F03A48100434D6B /* DismissKey@3x.png */,
			);
			path = Images;
			sourceTree = "<group>";
		};
/* End PBXGroup section */

/* Begin PBXNativeTarget section */
		DFCADB3A1F03A33E00434D6B /* DDCustomKeyboard */ = {
			isa = PBXNativeTarget;
			buildConfigurationList = DFCADB521F03A33E00434D6B /* Build configuration list for PBXNativeTarget "DDCustomKeyboard" */;
			buildPhases = (
				DFCADB371F03A33E00434D6B /* Sources */,
				DFCADB381F03A33E00434D6B /* Frameworks */,
				DFCADB391F03A33E00434D6B /* Resources */,
			);
			buildRules = (
			);
			dependencies = (
			);
			name = DDCustomKeyboard;
			productName = DDCustomKeyboard;
			productReference = DFCADB3B1F03A33E00434D6B /* DDCustomKeyboard.app */;
			productType = "com.apple.product-type.application";
		};
/* End PBXNativeTarget section */

/* Begin PBXProject section */
		DFCADB331F03A33E00434D6B /* Project object */ = {
			isa = PBXProject;
			attributes = {
				LastUpgradeCheck = 0830;
				ORGANIZATIONNAME = MacauIT;
				TargetAttributes = {
					DFCADB3A1F03A33E00434D6B = {
						CreatedOnToolsVersion = 8.3.2;
						DevelopmentTeam = BQ47E63DF2;
						ProvisioningStyle = Manual;
					};
				};
			};
			buildConfigurationList = DFCADB361F03A33E00434D6B /* Build configuration list for PBXProject "DDCustomKeyboard" */;
			compatibilityVersion = "Xcode 3.2";
			developmentRegion = English;
			hasScannedForEncodings = 0;
			knownRegions = (
				en,
				Base,
			);
			mainGroup = DFCADB321F03A33E00434D6B;
			productRefGroup = DFCADB3C1F03A33E00434D6B /* Products */;
			projectDirPath = "";
			projectRoot = "";
			targets = (
				DFCADB3A1F03A33E00434D6B /* DDCustomKeyboard */,
			);
		};
/* End PBXProject section */

/* Begin PBXResourcesBuildPhase section */
		DFCADB391F03A33E00434D6B /* Resources */ = {
			isa = PBXResourcesBuildPhase;
			buildActionMask = 2147483647;
			files = (
				DFCADB711F03A48200434D6B /* DismissKey@3x.png in Resources */,
				DFCADB6C1F03A48100434D6B /* DeleteKey.png in Resources */,
				DFCADB6D1F03A48200434D6B /* DeleteKey@2x.png in Resources */,
				DFCADB4E1F03A33E00434D6B /* LaunchScreen.storyboard in Resources */,
				DFCADB701F03A48200434D6B /* DismissKey@2x.png in Resources */,
				DFCADB4B1F03A33E00434D6B /* Assets.xcassets in Resources */,
				DFCADB6E1F03A48200434D6B /* DeleteKey@3x.png in Resources */,
				DFCADB491F03A33E00434D6B /* Main.storyboard in Resources */,
				DFCADB6F1F03A48200434D6B /* DismissKey.png in Resources */,
			);
			runOnlyForDeploymentPostprocessing = 0;
		};
/* End PBXResourcesBuildPhase section */

/* Begin PBXSourcesBuildPhase section */
		DFCADB371F03A33E00434D6B /* Sources */ = {
			isa = PBXSourcesBuildPhase;
			buildActionMask = 2147483647;
			files = (
				DFCADB461F03A33E00434D6B /* ViewController.m in Sources */,
				DFCADB741F03A4B000434D6B /* DDCustomKeyboard.m in Sources */,
				DFCADB431F03A33E00434D6B /* AppDelegate.m in Sources */,
				DFCADB401F03A33E00434D6B /* main.m in Sources */,
			);
			runOnlyForDeploymentPostprocessing = 0;
		};
/* End PBXSourcesBuildPhase section */

/* Begin PBXVariantGroup section */
		DFCADB471F03A33E00434D6B /* Main.storyboard */ = {
			isa = PBXVariantGroup;
			children = (
				DFCADB481F03A33E00434D6B /* Base */,
			);
			name = Main.storyboard;
			sourceTree = "<group>";
		};
		DFCADB4C1F03A33E00434D6B /* LaunchScreen.storyboard */ = {
			isa = PBXVariantGroup;
			children = (
				DFCADB4D1F03A33E00434D6B /* Base */,
			);
			name = LaunchScreen.storyboard;
			sourceTree = "<group>";
		};
/* End PBXVariantGroup section */

/* Begin XCBuildConfiguration section */
		DFCADB501F03A33E00434D6B /* Debug */ = {
			isa = XCBuildConfiguration;
			buildSettings = {
				ALWAYS_SEARCH_USER_PATHS = NO;
				CLANG_ANALYZER_NONNULL = YES;
				CLANG_ANALYZER_NUMBER_OBJECT_CONVERSION = YES_AGGRESSIVE;
				CLANG_CXX_LANGUAGE_STANDARD = "gnu++0x";
				CLANG_CXX_LIBRARY = "libc++";
				CLANG_ENABLE_MODULES = YES;
				CLANG_ENABLE_OBJC_ARC = YES;
				CLANG_WARN_BOOL_CONVERSION = YES;
				CLANG_WARN_CONSTANT_CONVERSION = YES;
				CLANG_WARN_DIRECT_OBJC_ISA_USAGE = YES_ERROR;
				CLANG_WARN_DOCUMENTATION_COMMENTS = YES;
				CLANG_WARN_EMPTY_BODY = YES;
				CLANG_WARN_ENUM_CONVERSION = YES;
				CLANG_WARN_INFINITE_RECURSION = YES;
				CLANG_WARN_INT_CONVERSION = YES;
				CLANG_WARN_OBJC_ROOT_CLASS = YES_ERROR;
				CLANG_WARN_SUSPICIOUS_MOVE = YES;
				CLANG_WARN_UNREACHABLE_CODE = YES;
				CLANG_WARN__DUPLICATE_METHOD_MATCH = YES;
				"CODE_SIGN_IDENTITY[sdk=iphoneos*]" = "iPhone Developer";
				COPY_PHASE_STRIP = NO;
				DEBUG_INFORMATION_FORMAT = dwarf;
				ENABLE_STRICT_OBJC_MSGSEND = YES;
				ENABLE_TESTABILITY = YES;
				GCC_C_LANGUAGE_STANDARD = gnu99;
				GCC_DYNAMIC_NO_PIC = NO;
				GCC_NO_COMMON_BLOCKS = YES;
				GCC_OPTIMIZATION_LEVEL = 0;
				GCC_PREPROCESSOR_DEFINITIONS = (
					"DEBUG=1",
					"$(inherited)",
				);
				GCC_WARN_64_TO_32_BIT_CONVERSION = YES;
				GCC_WARN_ABOUT_RETURN_TYPE = YES_ERROR;
				GCC_WARN_UNDECLARED_SELECTOR = YES;
				GCC_WARN_UNINITIALIZED_AUTOS = YES_AGGRESSIVE;
				GCC_WARN_UNUSED_FUNCTION = YES;
				GCC_WARN_UNUSED_VARIABLE = YES;
				IPHONEOS_DEPLOYMENT_TARGET = 10.3;
				MTL_ENABLE_DEBUG_INFO = YES;
				ONLY_ACTIVE_ARCH = YES;
				SDKROOT = iphoneos;
				TARGETED_DEVICE_FAMILY = "1,2";
			};
			name = Debug;
		};
		DFCADB511F03A33E00434D6B /* Release */ = {
			isa = XCBuildConfiguration;
			buildSettings = {
				ALWAYS_SEARCH_USER_PATHS = NO;
				CLANG_ANALYZER_NONNULL = YES;
				CLANG_ANALYZER_NUMBER_OBJECT_CONVERSION = YES_AGGRESSIVE;
				CLANG_CXX_LANGUAGE_STANDARD = "gnu++0x";
				CLANG_CXX_LIBRARY = "libc++";
				CLANG_ENABLE_MODULES = YES;
				CLANG_ENABLE_OBJC_ARC = YES;
				CLANG_WARN_BOOL_CONVERSION = YES;
				CLANG_WARN_CONSTANT_CONVERSION = YES;
				CLANG_WARN_DIRECT_OBJC_ISA_USAGE = YES_ERROR;
				CLANG_WARN_DOCUMENTATION_COMMENTS = YES;
				CLANG_WARN_EMPTY_BODY = YES;
				CLANG_WARN_ENUM_CONVERSION = YES;
				CLANG_WARN_INFINITE_RECURSION = YES;
				CLANG_WARN_INT_CONVERSION = YES;
				CLANG_WARN_OBJC_ROOT_CLASS = YES_ERROR;
				CLANG_WARN_SUSPICIOUS_MOVE = YES;
				CLANG_WARN_UNREACHABLE_CODE = YES;
				CLANG_WARN__DUPLICATE_METHOD_MATCH = YES;
				"CODE_SIGN_IDENTITY[sdk=iphoneos*]" = "iPhone Developer";
				COPY_PHASE_STRIP = NO;
				DEBUG_INFORMATION_FORMAT = "dwarf-with-dsym";
				ENABLE_NS_ASSERTIONS = NO;
				ENABLE_STRICT_OBJC_MSGSEND = YES;
				GCC_C_LANGUAGE_STANDARD = gnu99;
				GCC_NO_COMMON_BLOCKS = YES;
				GCC_WARN_64_TO_32_BIT_CONVERSION = YES;
				GCC_WARN_ABOUT_RETURN_TYPE = YES_ERROR;
				GCC_WARN_UNDECLARED_SELECTOR = YES;
				GCC_WARN_UNINITIALIZED_AUTOS = YES_AGGRESSIVE;
				GCC_WARN_UNUSED_FUNCTION = YES;
				GCC_WARN_UNUSED_VARIABLE = YES;
				IPHONEOS_DEPLOYMENT_TARGET = 10.3;
				MTL_ENABLE_DEBUG_INFO = NO;
				SDKROOT = iphoneos;
				TARGETED_DEVICE_FAMILY = "1,2";
				VALIDATE_PRODUCT = YES;
			};
			name = Release;
		};
		DFCADB531F03A33E00434D6B /* Debug */ = {
			isa = XCBuildConfiguration;
			buildSettings = {
				ASSETCATALOG_COMPILER_APPICON_NAME = AppIcon;
				CODE_SIGN_IDENTITY = "iPhone Developer: Zhijie Wang (279X77QYCE)";
				DEVELOPMENT_TEAM = BQ47E63DF2;
				INFOPLIST_FILE = DDCustomKeyboard/Info.plist;
				IPHONEOS_DEPLOYMENT_TARGET = 8.0;
				LD_RUNPATH_SEARCH_PATHS = "$(inherited) @executable_path/Frameworks";
				PRODUCT_BUNDLE_IDENTIFIER = com.company.DDCustomKeyboard;
				PRODUCT_NAME = "$(TARGET_NAME)";
				PROVISIONING_PROFILE = "";
				PROVISIONING_PROFILE_SPECIFIER = "Wildcard Development";
			};
			name = Debug;
		};
		DFCADB541F03A33E00434D6B /* Release */ = {
			isa = XCBuildConfiguration;
			buildSettings = {
				ASSETCATALOG_COMPILER_APPICON_NAME = AppIcon;
				DEVELOPMENT_TEAM = "";
				INFOPLIST_FILE = DDCustomKeyboard/Info.plist;
				IPHONEOS_DEPLOYMENT_TARGET = 8.0;
				LD_RUNPATH_SEARCH_PATHS = "$(inherited) @executable_path/Frameworks";
				PRODUCT_BUNDLE_IDENTIFIER = com.company.DDCustomKeyboard;
				PRODUCT_NAME = "$(TARGET_NAME)";
				PROVISIONING_PROFILE_SPECIFIER = "";
			};
			name = Release;
		};
/* End XCBuildConfiguration section */

/* Begin XCConfigurationList section */
		DFCADB361F03A33E00434D6B /* Build configuration list for PBXProject "DDCustomKeyboard" */ = {
			isa = XCConfigurationList;
			buildConfigurations = (
				DFCADB501F03A33E00434D6B /* Debug */,
				DFCADB511F03A33E00434D6B /* Release */,
			);
			defaultConfigurationIsVisible = 0;
			defaultConfigurationName = Release;
		};
		DFCADB521F03A33E00434D6B /* Build configuration list for PBXNativeTarget "DDCustomKeyboard" */ = {
			isa = XCConfigurationList;
			buildConfigurations = (
				DFCADB531F03A33E00434D6B /* Debug */,
				DFCADB541F03A33E00434D6B /* Release */,
			);
			defaultConfigurationIsVisible = 0;
			defaultConfigurationName = Release;
		};
/* End XCConfigurationList section */
	};
	rootObject = DFCADB331F03A33E00434D6B /* Project object */;
}
